
Microsoft Visual Studio Solution File, Format Version 12.00
# Visual Studio Version 17
VisualStudioVersion = 17.0.31903.59
MinimumVisualStudioVersion = 10.0.40219.1
Project("{2150E333-8FDC-42A3-9474-1A3956D46DE8}") = "src", "src", "{1EC47337-6C03-451D-8E4F-B8D3DBAF50DC}"
EndProject
Project("{FAE04EC0-301F-11D3-BF4B-00C04F79EFBC}") = "REC4.Domain", "src\REC4.Domain\REC4.Domain.csproj", "{0565764C-E55E-4776-90EF-D1990C95CB36}"
EndProject
Project("{FAE04EC0-301F-11D3-BF4B-00C04F79EFBC}") = "REC4.Application", "src\REC4.Application\REC4.Application.csproj", "{6A624B33-8DA5-46DA-A55D-14EC299734DE}"
EndProject
Project("{FAE04EC0-301F-11D3-BF4B-00C04F79EFBC}") = "REC4.Infrastructure", "src\REC4.Infrastructure\REC4.Infrastructure.csproj", "{58A10160-A1EC-4617-BBCC-BFB35C925A50}"
EndProject
Project("{FAE04EC0-301F-11D3-BF4B-00C04F79EFBC}") = "REC4.Api", "src\REC4.Api\REC4.Api.csproj", "{21DF48DF-9DE7-4A07-B56A-7FABC1CEB86E}"
EndProject
Project("{2150E333-8FDC-42A3-9474-1A3956D46DE8}") = "tests", "tests", "{505E0AC3-B447-426C-8ED5-97EDFF23C827}"
EndProject
Project("{FAE04EC0-301F-11D3-BF4B-00C04F79EFBC}") = "REC4.Application.Tests", "tests\REC4.Application.Tests\REC4.Application.Tests.csproj", "{EC6C97D1-23EC-4136-8FC7-046DA17898AB}"
EndProject
Project("{FAE04EC0-301F-11D3-BF4B-00C04F79EFBC}") = "REC4.Api.Tests", "tests\REC4.Api.Tests\REC4.Api.Tests.csproj", "{4CD42629-018F-4629-984C-5B668E5F1312}"
EndProject
Global
	GlobalSection(SolutionConfigurationPlatforms) = preSolution
		Debug|Any CPU = Debug|Any CPU
		Release|Any CPU = Release|Any CPU
	EndGlobalSection
	GlobalSection(SolutionProperties) = preSolution
		HideSolutionNode = FALSE
	EndGlobalSection
	GlobalSection(ProjectConfigurationPlatforms) = postSolution
		{0565764C-E55E-4776-90EF-D1990C95CB36}.Debug|Any CPU.ActiveCfg = Debug|Any CPU
		{0565764C-E55E-4776-90EF-D1990C95CB36}.Debug|Any CPU.Build.0 = Debug|Any CPU
		{0565764C-E55E-4776-90EF-D1990C95CB36}.Release|Any CPU.ActiveCfg = Release|Any CPU
		{0565764C-E55E-4776-90EF-D1990C95CB36}.Release|Any CPU.Build.0 = Release|Any CPU
		{6A624B33-8DA5-46DA-A55D-14EC299734DE}.Debug|Any CPU.ActiveCfg = Debug|Any CPU
		{6A624B33-8DA5-46DA-A55D-14EC299734DE}.Debug|Any CPU.Build.0 = Debug|Any CPU
		{6A624B33-8DA5-46DA-A55D-14EC299734DE}.Release|Any CPU.ActiveCfg = Release|Any CPU
		{6A624B33-8DA5-46DA-A55D-14EC299734DE}.Release|Any CPU.Build.0 = Release|Any CPU
		{58A10160-A1EC-4617-BBCC-BFB35C925A50}.Debug|Any CPU.ActiveCfg = Debug|Any CPU
		{58A10160-A1EC-4617-BBCC-BFB35C925A50}.Debug|Any CPU.Build.0 = Debug|Any CPU
		{58A10160-A1EC-4617-BBCC-BFB35C925A50}.Release|Any CPU.ActiveCfg = Release|Any CPU
		{58A10160-A1EC-4617-BBCC-BFB35C925A50}.Release|Any CPU.Build.0 = Release|Any CPU
		{21DF48DF-9DE7-4A07-B56A-7FABC1CEB86E}.Debug|Any CPU.ActiveCfg = Debug|Any CPU
		{21DF48DF-9DE7-4A07-B56A-7FABC1CEB86E}.Debug|Any CPU.Build.0 = Debug|Any CPU
		{21DF48DF-9DE7-4A07-B56A-7FABC1CEB86E}.Release|Any CPU.ActiveCfg = Release|Any CPU
		{21DF48DF-9DE7-4A07-B56A-7FABC1CEB86E}.Release|Any CPU.Build.0 = Release|Any CPU
		{EC6C97D1-23EC-4136-8FC7-046DA17898AB}.Debug|Any CPU.ActiveCfg = Debug|Any CPU
		{EC6C97D1-23EC-4136-8FC7-046DA17898AB}.Debug|Any CPU.Build.0 = Debug|Any CPU
		{EC6C97D1-23EC-4136-8FC7-046DA17898AB}.Release|Any CPU.ActiveCfg = Release|Any CPU
		{EC6C97D1-23EC-4136-8FC7-046DA17898AB}.Release|Any CPU.Build.0 = Release|Any CPU
		{4CD42629-018F-4629-984C-5B668E5F1312}.Debug|Any CPU.ActiveCfg = Debug|Any CPU
		{4CD42629-018F-4629-984C-5B668E5F1312}.Debug|Any CPU.Build.0 = Debug|Any CPU
		{4CD42629-018F-4629-984C-5B668E5F1312}.Release|Any CPU.ActiveCfg = Release|Any CPU
		{4CD42629-018F-4629-984C-5B668E5F1312}.Release|Any CPU.Build.0 = Release|Any CPU
	EndGlobalSection
	GlobalSection(NestedProjects) = preSolution
		{0565764C-E55E-4776-90EF-D1990C95CB36} = {1EC47337-6C03-451D-8E4F-B8D3DBAF50DC}
		{6A624B33-8DA5-46DA-A55D-14EC299734DE} = {1EC47337-6C03-451D-8E4F-B8D3DBAF50DC}
		{58A10160-A1EC-4617-BBCC-BFB35C925A50} = {1EC47337-6C03-451D-8E4F-B8D3DBAF50DC}
		{21DF48DF-9DE7-4A07-B56A-7FABC1CEB86E} = {1EC47337-6C03-451D-8E4F-B8D3DBAF50DC}
		{EC6C97D1-23EC-4136-8FC7-046DA17898AB} = {505E0AC3-B447-426C-8ED5-97EDFF23C827}
		{4CD42629-018F-4629-984C-5B668E5F1312} = {505E0AC3-B447-426C-8ED5-97EDFF23C827}
	EndGlobalSection
EndGlobal
